PODS:
  - FLAnimatedImage (1.0.12)
  - GiphyCoreSDK (1.2.0)
  - Nuke (7.3.2)
  - Nuke-FLAnimatedImage-Plugin (5.0):
    - FLAnimatedImage (~> 1.0)
    - Nuke (~> 7.0)
  - YYImage (1.0.4):
    - YYImage/Core (= 1.0.4)
  - YYImage/Core (1.0.4)
  - YYImage/WebP (1.0.4):
    - YYImage/Core

DEPENDENCIES:
  - GiphyCoreSDK
  - Nuke
  - Nuke-FLAnimatedImage-Plugin (~> 5.0.0)
  - YYImage
  - YYImage/WebP

SPEC REPOS:
  https://github.com/CocoaPods/Specs.git:
    - FLAnimatedImage
    - GiphyCoreSDK
    - Nuke
    - Nuke-FLAnimatedImage-Plugin
    - YYImage

SPEC CHECKSUMS:
  FLAnimatedImage: 4a0b56255d9b05f18b6dd7ee06871be5d3b89e31
  GiphyCoreSDK: 1278bfc2dbdc9f1b2b1703ee70224f515b9530a6
  Nuke: a9a31bbd6c6723753ab024ef22057dcaaf046c1b
  Nuke-FLAnimatedImage-Plugin: 6dfb9335ce298eaff9fdfed8d20d1bbfb2a6c326
  YYImage: 1e1b62a9997399593e4b9c4ecfbbabbf1d3f3b54

PODFILE CHECKSUM: 1a57dad42fedc689f9c245246f4cb5dfe3725f32

COCOAPODS: 1.5.0
